
Microsoft Visual Studio Solution File, Format Version 12.00
# Visual Studio 15
VisualStudioVersion = 15.0.28307.438
MinimumVisualStudioVersion = 10.0.40219.1
Project("{FAE04EC0-301F-11D3-BF4B-00C04F79EFBC}") = "TodoApi", "TodoApi\TodoApi.csproj", "{B58359AC-46ED-41CF-8075-F2A29D5AF597}"
EndProject
Global
	GlobalSection(SolutionConfigurationPlatforms) = preSolution
		Debug|Any CPU = Debug|Any CPU
		Release|Any CPU = Release|Any CPU
	EndGlobalSection
	GlobalSection(ProjectConfigurationPlatforms) = postSolution
		{B58359AC-46ED-41CF-8075-F2A29D5AF597}.Debug|Any CPU.ActiveCfg = Debug|Any CPU
		{B58359AC-46ED-41CF-8075-F2A29D5AF597}.Debug|Any CPU.Build.0 = Debug|Any CPU
		{B58359AC-46ED-41CF-8075-F2A29D5AF597}.Release|Any CPU.ActiveCfg = Release|Any CPU
		{B58359AC-46ED-41CF-8075-F2A29D5AF597}.Release|Any CPU.Build.0 = Release|Any CPU
	EndGlobalSection
	GlobalSection(SolutionProperties) = preSolution
		HideSolutionNode = FALSE
	EndGlobalSection
	GlobalSection(ExtensibilityGlobals) = postSolution
		SolutionGuid = {89C1AA69-57CE-4394-9C40-16D1B23978C2}
	EndGlobalSection
EndGlobal
